
Microsoft Visual Studio Solution File, Format Version 12.00
# Visual Studio 14
VisualStudioVersion = 14.0.25420.1
MinimumVisualStudioVersion = 10.0.40219.1
Project("{FAE04EC0-301F-11D3-BF4B-00C04F79EFBC}") = "KATU Services", "KATU Services\KATU Services.csproj", "{92B6F1D9-5D66-47CC-B768-2BFE137B0C73}"
EndProject
Project("{FAE04EC0-301F-11D3-BF4B-00C04F79EFBC}") = "Equivalency Calculator", "Equivalency Calculator\Equivalency Calculator.csproj", "{8302A284-C63B-44DE-8CA8-8580E011A276}"
EndProject
Project("{FAE04EC0-301F-11D3-BF4B-00C04F79EFBC}") = "Calculator", "Calculator\Calculator.csproj", "{FA12059B-C4BA-4BE2-BB73-3B8C7D932B41}"
EndProject
Global
	GlobalSection(SolutionConfigurationPlatforms) = preSolution
		Debug|Any CPU = Debug|Any CPU
		Release|Any CPU = Release|Any CPU
	EndGlobalSection
	GlobalSection(ProjectConfigurationPlatforms) = postSolution
		{92B6F1D9-5D66-47CC-B768-2BFE137B0C73}.Debug|Any CPU.ActiveCfg = Debug|Any CPU
		{92B6F1D9-5D66-47CC-B768-2BFE137B0C73}.Debug|Any CPU.Build.0 = Debug|Any CPU
		{92B6F1D9-5D66-47CC-B768-2BFE137B0C73}.Release|Any CPU.ActiveCfg = Release|Any CPU
		{92B6F1D9-5D66-47CC-B768-2BFE137B0C73}.Release|Any CPU.Build.0 = Release|Any CPU
		{8302A284-C63B-44DE-8CA8-8580E011A276}.Debug|Any CPU.ActiveCfg = Debug|Any CPU
		{8302A284-C63B-44DE-8CA8-8580E011A276}.Debug|Any CPU.Build.0 = Debug|Any CPU
		{8302A284-C63B-44DE-8CA8-8580E011A276}.Release|Any CPU.ActiveCfg = Release|Any CPU
		{8302A284-C63B-44DE-8CA8-8580E011A276}.Release|Any CPU.Build.0 = Release|Any CPU
		{FA12059B-C4BA-4BE2-BB73-3B8C7D932B41}.Debug|Any CPU.ActiveCfg = Debug|Any CPU
		{FA12059B-C4BA-4BE2-BB73-3B8C7D932B41}.Debug|Any CPU.Build.0 = Debug|Any CPU
		{FA12059B-C4BA-4BE2-BB73-3B8C7D932B41}.Release|Any CPU.ActiveCfg = Release|Any CPU
		{FA12059B-C4BA-4BE2-BB73-3B8C7D932B41}.Release|Any CPU.Build.0 = Release|Any CPU
	EndGlobalSection
	GlobalSection(SolutionProperties) = preSolution
		HideSolutionNode = FALSE
	EndGlobalSection
EndGlobal
